
Microsoft Visual Studio Solution File, Format Version 12.00
# Visual Studio Version 17
VisualStudioVersion = 17.2.32602.215
MinimumVisualStudioVersion = 10.0.40219.1
Project("{9A19103F-16F7-4668-BE54-9A1E7A4F7556}") = "MovieShopMVC", "MovieShopMVC\MovieShopMVC.csproj", "{01795099-163D-452E-AE9B-79EA9CB7F210}"
EndProject
Project("{9A19103F-16F7-4668-BE54-9A1E7A4F7556}") = "ApplicationCore", "ApplicationCore\ApplicationCore.csproj", "{167D13FA-B70F-42BA-938A-190FD5474ECB}"
EndProject
Project("{9A19103F-16F7-4668-BE54-9A1E7A4F7556}") = "Infrastructure", "Infrastructure\Infrastructure.csproj", "{BC91214A-1B02-4315-AB64-8CB544B9396E}"
EndProject
Project("{FAE04EC0-301F-11D3-BF4B-00C04F79EFBC}") = "MovieShopAPI", "MovieShopAPI\MovieShopAPI.csproj", "{CE851B94-C856-4A54-9889-AAA758FA61E3}"
EndProject
Global
	GlobalSection(SolutionConfigurationPlatforms) = preSolution
		Debug|Any CPU = Debug|Any CPU
		Release|Any CPU = Release|Any CPU
	EndGlobalSection
	GlobalSection(ProjectConfigurationPlatforms) = postSolution
		{01795099-163D-452E-AE9B-79EA9CB7F210}.Debug|Any CPU.ActiveCfg = Debug|Any CPU
		{01795099-163D-452E-AE9B-79EA9CB7F210}.Debug|Any CPU.Build.0 = Debug|Any CPU
		{01795099-163D-452E-AE9B-79EA9CB7F210}.Release|Any CPU.ActiveCfg = Release|Any CPU
		{01795099-163D-452E-AE9B-79EA9CB7F210}.Release|Any CPU.Build.0 = Release|Any CPU
		{167D13FA-B70F-42BA-938A-190FD5474ECB}.Debug|Any CPU.ActiveCfg = Debug|Any CPU
		{167D13FA-B70F-42BA-938A-190FD5474ECB}.Debug|Any CPU.Build.0 = Debug|Any CPU
		{167D13FA-B70F-42BA-938A-190FD5474ECB}.Release|Any CPU.ActiveCfg = Release|Any CPU
		{167D13FA-B70F-42BA-938A-190FD5474ECB}.Release|Any CPU.Build.0 = Release|Any CPU
		{BC91214A-1B02-4315-AB64-8CB544B9396E}.Debug|Any CPU.ActiveCfg = Debug|Any CPU
		{BC91214A-1B02-4315-AB64-8CB544B9396E}.Debug|Any CPU.Build.0 = Debug|Any CPU
		{BC91214A-1B02-4315-AB64-8CB544B9396E}.Release|Any CPU.ActiveCfg = Release|Any CPU
		{BC91214A-1B02-4315-AB64-8CB544B9396E}.Release|Any CPU.Build.0 = Release|Any CPU
		{CE851B94-C856-4A54-9889-AAA758FA61E3}.Debug|Any CPU.ActiveCfg = Debug|Any CPU
		{CE851B94-C856-4A54-9889-AAA758FA61E3}.Debug|Any CPU.Build.0 = Debug|Any CPU
		{CE851B94-C856-4A54-9889-AAA758FA61E3}.Release|Any CPU.ActiveCfg = Release|Any CPU
		{CE851B94-C856-4A54-9889-AAA758FA61E3}.Release|Any CPU.Build.0 = Release|Any CPU
	EndGlobalSection
	GlobalSection(SolutionProperties) = preSolution
		HideSolutionNode = FALSE
	EndGlobalSection
	GlobalSection(ExtensibilityGlobals) = postSolution
		SolutionGuid = {1CC69B54-3559-4852-AB73-9FB28CC98F5C}
	EndGlobalSection
EndGlobal
